// !$*UTF8*$!
{
	archiveVersion = 1;
	classes = {
	};
	objectVersion = 34;
	objects = {
		F550D64A0269A02501A8001C = {
			buildStyles = (
				F550D64C0269A02601A8001C,
				F550D64D0269A02601A8001C,
			);
			isa = PBXProject;
			mainGroup = F550D64B0269A02601A8001C;
			projectDirPath = "";
			targets = (
				F550D78A0269E1FC01A8001C,
				F550D7AD026A0B0401A8001C,
			);
		};
		F550D64B0269A02601A8001C = {
			children = (
				F550D78B0269E2B101A8001C,
				F550D77D0269DE9801A8001C,
				F550D77B0269DE1F01A8001C,
				F550D64E0269A04801A8001C,
			);
			isa = PBXGroup;
			refType = 4;
		};
		F550D64C0269A02601A8001C = {
			buildRules = (
			);
			buildSettings = {
				COPY_PHASE_STRIP = NO;
			};
			isa = PBXBuildStyle;
			name = Development;
		};
		F550D64D0269A02601A8001C = {
			buildRules = (
			);
			buildSettings = {
				COPY_PHASE_STRIP = YES;
			};
			isa = PBXBuildStyle;
			name = Deployment;
		};
		F550D64E0269A04801A8001C = {
			children = (
				F550D64F0269D10B01A8001C,
				F550D7790269D20501A8001C,
				F550D77A0269D20501A8001C,
				F550D6510269D10B01A8001C,
				F550D6590269D10B01A8001C,
				F550D6600269D10B01A8001C,
				F550D7190269D10B01A8001C,
				F550D6630269D10B01A8001C,
				F550D6EC0269D10B01A8001C,
			);
			isa = PBXGroup;
			name = src;
			path = ../src;
			refType = 4;
		};
		F550D64F0269D10B01A8001C = {
			children = (
				F550D69A0269D10B01A8001C,
				F550D6890269D10B01A8001C,
				F550D6500269D10B01A8001C,
				F550D68B0269D10B01A8001C,
			);
			isa = PBXGroup;
			name = coreUtils;
			refType = 4;
		};
		F550D6500269D10B01A8001C = {
			isa = PBXFileReference;
			path = cp_error_handling.F;
			refType = 4;
		};
		F550D6510269D10B01A8001C = {
			children = (
				F550D6520269D10B01A8001C,
				F550D6530269D10B01A8001C,
				F550D6540269D10B01A8001C,
				F550D6550269D10B01A8001C,
				F550D6560269D10B01A8001C,
				F550D6570269D10B01A8001C,
				F550D6580269D10B01A8001C,
			);
			isa = PBXGroup;
			name = lbfgsOptimization;
			refType = 4;
		};
		F550D6520269D10B01A8001C = {
			isa = PBXFileReference;
			path = cp_lbfgs_optimizer__nametype1_.instantiation;
			refType = 4;
		};
		F550D6530269D10B01A8001C = {
			isa = PBXFileReference;
			path = cp_lbfgs_optimizer__nametype1_.template;
			refType = 4;
		};
		F550D6540269D10B01A8001C = {
			isa = PBXFileReference;
			path = cp_lbfgs_optimizer_e_rosen.F;
			refType = 4;
		};
		F550D6550269D10B01A8001C = {
			isa = PBXFileReference;
			path = cp_lbfgs_optimizer_gerd_f.F;
			refType = 4;
		};
		F550D6560269D10B01A8001C = {
			isa = PBXFileReference;
			path = cp_lbfgs_optimizer_tests.F;
			refType = 4;
		};
		F550D6570269D10B01A8001C = {
			isa = PBXFileReference;
			path = cp_lbfgs.F;
			refType = 4;
		};
		F550D6580269D10B01A8001C = {
			isa = PBXFileReference;
			path = cp_e_rosenbrok_function.F;
			refType = 4;
		};
		F550D6590269D10B01A8001C = {
			children = (
				F550D65A0269D10B01A8001C,
				F550D65B0269D10B01A8001C,
				F550D65C0269D10B01A8001C,
				F550D65D0269D10B01A8001C,
				F550D65E0269D10B01A8001C,
				F550D65F0269D10B01A8001C,
			);
			isa = PBXGroup;
			name = utils;
			refType = 4;
		};
		F550D65A0269D10B01A8001C = {
			isa = PBXFileReference;
			path = cp_array__nametype1__utils.instantiation;
			refType = 4;
		};
		F550D65B0269D10B01A8001C = {
			isa = PBXFileReference;
			path = cp_array__nametype1__utils.template;
			refType = 4;
		};
		F550D65C0269D10B01A8001C = {
			isa = PBXFileReference;
			path = cp_array_i_utils.F;
			refType = 4;
		};
		F550D65D0269D10B01A8001C = {
			isa = PBXFileReference;
			path = cp_array_logical_utils.F;
			refType = 4;
		};
		F550D65E0269D10B01A8001C = {
			isa = PBXFileReference;
			path = cp_array_r_utils.F;
			refType = 4;
		};
		F550D65F0269D10B01A8001C = {
			isa = PBXFileReference;
			path = cp_array_utils.F;
			refType = 4;
		};
		F550D6600269D10B01A8001C = {
			children = (
				F550D68A0269D10B01A8001C,
				F550D6610269D10B01A8001C,
			);
			isa = PBXGroup;
			name = matrix;
			refType = 4;
		};
		F550D6610269D10B01A8001C = {
			isa = PBXFileReference;
			path = cp_b_matrix_structure.F;
			refType = 4;
		};
		F550D6630269D10B01A8001C = {
			children = (
				F550D6640269D10B01A8001C,
				F550D6650269D10B01A8001C,
				F550D6660269D10B01A8001C,
				F550D6680269D10B01A8001C,
				F550D6690269D10B01A8001C,
				F550D66A0269D10B01A8001C,
				F550D66D0269D10B01A8001C,
				F550D66E0269D10B01A8001C,
				F550D66F0269D10B01A8001C,
				F550D6700269D10B01A8001C,
				F550D6710269D10B01A8001C,
				F550D6720269D10B01A8001C,
				F550D6730269D10B01A8001C,
				F550D6740269D10B01A8001C,
				F550D6750269D10B01A8001C,
				F550D6760269D10B01A8001C,
				F550D6770269D10B01A8001C,
				F550D6780269D10B01A8001C,
				F550D6790269D10B01A8001C,
				F550D67A0269D10B01A8001C,
				F550D67B0269D10B01A8001C,
				F550D67C0269D10B01A8001C,
				F550D67E0269D10B01A8001C,
				F550D67F0269D10B01A8001C,
				F550D6800269D10B01A8001C,
				F550D6810269D10B01A8001C,
				F550D6830269D10B01A8001C,
				F550D6840269D10B01A8001C,
				F550D6A00269D10B01A8001C,
				F550D6A10269D10B01A8001C,
				F550D6A20269D10B01A8001C,
				F550D6A30269D10B01A8001C,
				F550D6A40269D10B01A8001C,
				F550D6A50269D10B01A8001C,
				F550D6A60269D10B01A8001C,
				F550D6A70269D10B01A8001C,
				F550D6A80269D10B01A8001C,
				F550D6A90269D10B01A8001C,
				F550D6AA0269D10B01A8001C,
				F550D6AB0269D10B01A8001C,
				F550D6AD0269D10B01A8001C,
				F550D6AE0269D10B01A8001C,
				F550D6AF0269D10B01A8001C,
				F550D6B00269D10B01A8001C,
				F550D6B10269D10B01A8001C,
				F550D6B20269D10B01A8001C,
				F550D6B30269D10B01A8001C,
				F550D6B40269D10B01A8001C,
				F550D6B50269D10B01A8001C,
				F550D6B60269D10B01A8001C,
				F550D6B70269D10B01A8001C,
				F550D6B80269D10B01A8001C,
				F550D6B90269D10B01A8001C,
				F550D6BC0269D10B01A8001C,
				F550D6BD0269D10B01A8001C,
				F550D6BE0269D10B01A8001C,
				F550D6BF0269D10B01A8001C,
				F550D6C00269D10B01A8001C,
				F550D6C10269D10B01A8001C,
				F550D6C20269D10B01A8001C,
				F550D6C30269D10B01A8001C,
				F550D6C40269D10B01A8001C,
				F550D6C50269D10B01A8001C,
				F550D6C60269D10B01A8001C,
				F550D6C70269D10B01A8001C,
				F550D6C80269D10B01A8001C,
				F550D6C90269D10B01A8001C,
				F550D6CA0269D10B01A8001C,
				F550D6CB0269D10B01A8001C,
				F550D6CC0269D10B01A8001C,
				F550D6CD0269D10B01A8001C,
				F550D6CE0269D10B01A8001C,
				F550D6CF0269D10B01A8001C,
				F550D6D00269D10B01A8001C,
				F550D6D10269D10B01A8001C,
				F550D6D20269D10B01A8001C,
				F550D6D30269D10B01A8001C,
				F550D6D40269D10B01A8001C,
				F550D6D50269D10B01A8001C,
				F550D6D60269D10B01A8001C,
				F550D6D70269D10B01A8001C,
				F550D6D80269D10B01A8001C,
				F550D6D90269D10B01A8001C,
				F550D6DA0269D10B01A8001C,
				F550D6DB0269D10B01A8001C,
				F550D6DC0269D10B01A8001C,
				F550D6DD0269D10B01A8001C,
				F550D6DE0269D10B01A8001C,
				F550D6E10269D10B01A8001C,
				F550D6E30269D10B01A8001C,
				F550D6E40269D10B01A8001C,
				F550D6E50269D10B01A8001C,
				F550D6E60269D10B01A8001C,
				F550D6E70269D10B01A8001C,
				F550D6E80269D10B01A8001C,
				F550D6E90269D10B01A8001C,
				F550D6EA0269D10B01A8001C,
				F550D6EB0269D10B01A8001C,
				F550D6F40269D10B01A8001C,
				F550D6F50269D10B01A8001C,
				F550D6F60269D10B01A8001C,
				F550D6F70269D10B01A8001C,
				F550D6F80269D10B01A8001C,
				F550D6F90269D10B01A8001C,
				F550D6FA0269D10B01A8001C,
				F550D6FB0269D10B01A8001C,
				F550D6FC0269D10B01A8001C,
				F550D6FD0269D10B01A8001C,
				F550D6FE0269D10B01A8001C,
				F550D6FF0269D10B01A8001C,
				F550D7000269D10B01A8001C,
				F550D7010269D10B01A8001C,
				F550D7020269D10B01A8001C,
				F550D7030269D10B01A8001C,
				F550D7040269D10B01A8001C,
				F550D7050269D10B01A8001C,
				F550D7060269D10B01A8001C,
				F550D7070269D10B01A8001C,
				F550D7080269D10B01A8001C,
				F550D7090269D10B01A8001C,
				F550D70B0269D10B01A8001C,
				F550D70C0269D10B01A8001C,
				F550D70D0269D10B01A8001C,
				F550D70E0269D10B01A8001C,
				F550D7100269D10B01A8001C,
				F550D7110269D10B01A8001C,
				F550D7120269D10B01A8001C,
				F550D7140269D10B01A8001C,
				F550D7170269D10B01A8001C,
				F550D7180269D10B01A8001C,
				F550D71A0269D10B01A8001C,
				F550D71C0269D10B01A8001C,
				F550D71D0269D10B01A8001C,
				F550D71E0269D10B01A8001C,
				F550D71F0269D10B01A8001C,
				F550D7200269D10B01A8001C,
				F550D7210269D10B01A8001C,
				F550D7220269D10B01A8001C,
				F550D7230269D10B01A8001C,
				F550D7240269D10B01A8001C,
				F550D7250269D10B01A8001C,
				F550D7260269D10B01A8001C,
				F550D7270269D10B01A8001C,
				F550D7280269D10B01A8001C,
				F550D7290269D10B01A8001C,
				F550D72A0269D10B01A8001C,
				F550D72B0269D10B01A8001C,
				F550D72C0269D10B01A8001C,
				F550D72D0269D10B01A8001C,
				F550D72E0269D10B01A8001C,
				F550D72F0269D10B01A8001C,
				F550D7300269D10B01A8001C,
				F550D7310269D10B01A8001C,
				F550D7320269D10B01A8001C,
				F550D7330269D10B01A8001C,
				F550D7340269D10B01A8001C,
				F550D7350269D10B01A8001C,
				F550D7360269D10B01A8001C,
				F550D7370269D10B01A8001C,
				F550D7380269D10B01A8001C,
				F550D7390269D10B01A8001C,
				F550D73A0269D10B01A8001C,
				F550D73B0269D10B01A8001C,
				F550D73C0269D10B01A8001C,
				F550D73D0269D10B01A8001C,
				F550D73E0269D10B01A8001C,
				F550D73F0269D10B01A8001C,
				F550D7400269D10B01A8001C,
				F550D7410269D10B01A8001C,
				F550D7420269D10B01A8001C,
				F550D7430269D10B01A8001C,
				F550D7440269D10B01A8001C,
				F550D7450269D10B01A8001C,
				F550D7460269D10B01A8001C,
				F550D7480269D10B01A8001C,
				F550D7490269D10B01A8001C,
				F550D74A0269D10B01A8001C,
				F550D74B0269D10B01A8001C,
				F550D74C0269D10B01A8001C,
				F550D74D0269D10B01A8001C,
				F550D74E0269D10B01A8001C,
				F550D74F0269D10B01A8001C,
				F550D7500269D10B01A8001C,
				F550D7510269D10B01A8001C,
				F550D7520269D10B01A8001C,
				F550D7530269D10B01A8001C,
				F550D7540269D10B01A8001C,
				F550D7560269D10B01A8001C,
				F550D7570269D10B01A8001C,
				F550D7580269D10B01A8001C,
				F550D7590269D10B01A8001C,
				F550D75A0269D10B01A8001C,
				F550D75B0269D10B01A8001C,
				F550D75C0269D10B01A8001C,
				F550D75D0269D10B01A8001C,
				F550D75E0269D10B01A8001C,
				F550D7600269D10B01A8001C,
				F550D7610269D10B01A8001C,
				F550D7620269D10B01A8001C,
				F550D7630269D10B01A8001C,
				F550D7640269D10B01A8001C,
				F550D7650269D10B01A8001C,
				F550D7660269D10B01A8001C,
				F550D7670269D10B01A8001C,
				F550D7680269D10B01A8001C,
				F550D7690269D10B01A8001C,
				F550D76A0269D10B01A8001C,
				F550D76B0269D10B01A8001C,
				F550D76C0269D10B01A8001C,
				F550D76D0269D10B01A8001C,
				F550D76E0269D10B01A8001C,
				F550D76F0269D10B01A8001C,
				F550D7700269D10B01A8001C,
				F550D7710269D10B01A8001C,
				F550D7720269D10B01A8001C,
				F550D7730269D10B01A8001C,
				F550D7740269D10B01A8001C,
				F550D7750269D10B01A8001C,
				F550D7760269D10B01A8001C,
				F550D7770269D10B01A8001C,
				F550D7780269D10B01A8001C,
				F555ED2402753D6501C8702E,
				F555ED2502753D6501C8702E,
				F555ED2602753D6501C8702E,
				F555ED2702753D6501C8702E,
				F555ED2802753D6501C8702E,
				F555ED2902753D6501C8702E,
				F555ED2A02753D6501C8702E,
				F555ED2B02753D6501C8702E,
				F555ED2C02753D6501C8702E,
				F555ED2D02753D6501C8702E,
				F555ED2E02753D6501C8702E,
				F555ED2F02753D6501C8702E,
				F555ED3002753D6501C8702E,
				F555ED3102753D6501C8702E,
				F555ED3202753D6501C8702E,
				F555ED3302753D6501C8702E,
				F555ED3402753D6501C8702E,
			);
			isa = PBXGroup;
			name = others;
			refType = 4;
		};
		F550D6640269D10B01A8001C = {
			isa = PBXFileReference;
			path = coefficient_lists.F;
			refType = 4;
		};
		F550D6650269D10B01A8001C = {
			isa = PBXFileReference;
			path = coefficient_types.F;
			refType = 4;
		};
		F550D6660269D10B01A8001C = {
			isa = PBXFileReference;
			path = coefficients.F;
			refType = 4;
		};
		F550D6680269D10B01A8001C = {
			isa = PBXFileReference;
			path = constraint.F;
			refType = 4;
		};
		F550D6690269D10B01A8001C = {
			isa = PBXFileReference;
			path = control_module.F;
			refType = 4;
		};
		F550D66A0269D10B01A8001C = {
			isa = PBXFileReference;
			path = convert_units.F;
			refType = 4;
		};
		F550D66D0269D10B01A8001C = {
			isa = PBXFileReference;
			path = ai_coulomb.F;
			refType = 4;
		};
		F550D66E0269D10B01A8001C = {
			isa = PBXFileReference;
			path = ai_derivatives.F;
			refType = 4;
		};
		F550D66F0269D10B01A8001C = {
			isa = PBXFileReference;
			path = ai_kinetic.F;
			refType = 4;
		};
		F550D6700269D10B01A8001C = {
			isa = PBXFileReference;
			path = ai_nuclear.F;
			refType = 4;
		};
		F550D6710269D10B01A8001C = {
			isa = PBXFileReference;
			path = ai_overlap_ppl.F;
			refType = 4;
		};
		F550D6720269D10B01A8001C = {
			isa = PBXFileReference;
			path = ai_overlap.F;
			refType = 4;
		};
		F550D6730269D10B01A8001C = {
			isa = PBXFileReference;
			path = ai_overlap3.F;
			refType = 4;
		};
		F550D6740269D10B01A8001C = {
			isa = PBXFileReference;
			path = ai_verfc.F;
			refType = 4;
		};
		F550D6750269D10B01A8001C = {
			isa = PBXFileReference;
			path = amoeba.F;
			refType = 4;
		};
		F550D6760269D10B01A8001C = {
			isa = PBXFileReference;
			path = ao_types.F;
			refType = 4;
		};
		F550D6770269D10B01A8001C = {
			isa = PBXFileReference;
			path = atom_calculations.F;
			refType = 4;
		};
		F550D6780269D10B01A8001C = {
			isa = PBXFileReference;
			path = atom_module.F;
			refType = 4;
		};
		F550D6790269D10B01A8001C = {
			isa = PBXFileReference;
			path = atom_parameters_type.F;
			refType = 4;
		};
		F550D67A0269D10B01A8001C = {
			isa = PBXFileReference;
			path = atom_type.F;
			refType = 4;
		};
		F550D67B0269D10B01A8001C = {
			isa = PBXFileReference;
			path = atomic_kinds.F;
			refType = 4;
		};
		F550D67C0269D10B01A8001C = {
			isa = PBXFileReference;
			path = atoms_input.F;
			refType = 4;
		};
		F550D67E0269D10B01A8001C = {
			isa = PBXFileReference;
			path = band.F;
			refType = 4;
		};
		F550D67F0269D10B01A8001C = {
			isa = PBXFileReference;
			path = basis_set_types.F;
			refType = 4;
		};
		F550D6800269D10B01A8001C = {
			isa = PBXFileReference;
			path = bessel_lib.F;
			refType = 4;
		};
		F550D6810269D10B01A8001C = {
			isa = PBXFileReference;
			path = brillouin.F;
			refType = 4;
		};
		F550D6830269D10B01A8001C = {
			isa = PBXFileReference;
			path = cg_test.F;
			refType = 4;
		};
		F550D6840269D10B01A8001C = {
			isa = PBXFileReference;
			path = cntl_input.F;
			refType = 4;
		};
		F550D6850269D10B01A8001C = {
			isa = PBXFileReference;
			path = cp_linked_list__nametype1_.instantiation;
			refType = 4;
		};
		F550D6860269D10B01A8001C = {
			isa = PBXFileReference;
			path = cp_linked_list__nametype1_.template;
			refType = 4;
		};
		F550D6870269D10B01A8001C = {
			isa = PBXFileReference;
			path = cp_linked_list_int_ptr.F;
			refType = 4;
		};
		F550D6880269D10B01A8001C = {
			isa = PBXFileReference;
			path = cp_linked_list_int.F;
			refType = 4;
		};
		F550D6890269D10B01A8001C = {
			isa = PBXFileReference;
			path = cp_log_handling.F;
			refType = 4;
		};
		F550D68A0269D10B01A8001C = {
			isa = PBXFileReference;
			path = cp_matrix_utils.F;
			refType = 4;
		};
		F550D68B0269D10B01A8001C = {
			isa = PBXFileReference;
			path = cp_output_handling.F;
			refType = 4;
		};
		F550D69A0269D10B01A8001C = {
			isa = PBXFileReference;
			path = cp_prep_globals.h;
			refType = 4;
		};
		F550D69B0269D10B01A8001C = {
			isa = PBXFileReference;
			path = cp_sll__name_el_type__tests.instantiation;
			refType = 4;
		};
		F550D69C0269D10B01A8001C = {
			isa = PBXFileReference;
			path = cp_sll__name_el_type__tests.template;
			refType = 4;
		};
		F550D69D0269D10B01A8001C = {
			isa = PBXFileReference;
			path = cp_sll_int_ptr_tests.F;
			refType = 4;
		};
		F550D69E0269D10B01A8001C = {
			isa = PBXFileReference;
			path = cp_sll_int_tests.F;
			refType = 4;
		};
		F550D6A00269D10B01A8001C = {
			isa = PBXFileReference;
			path = cp2k_input.F;
			refType = 4;
		};
		F550D6A10269D10B01A8001C = {
			isa = PBXFileReference;
			path = cp2k.F;
			refType = 4;
		};
		F550D6A20269D10B01A8001C = {
			isa = PBXFileReference;
			path = cs1_functional.F;
			refType = 4;
		};
		F550D6A30269D10B01A8001C = {
			isa = PBXFileReference;
			path = cube_utils.F;
			refType = 4;
		};
		F550D6A40269D10B01A8001C = {
			isa = PBXFileReference;
			path = densities.F;
			refType = 4;
		};
		F550D6A50269D10B01A8001C = {
			isa = PBXFileReference;
			path = density_types.F;
			refType = 4;
		};
		F550D6A60269D10B01A8001C = {
			isa = PBXFileReference;
			path = dft_input.F;
			refType = 4;
		};
		F550D6A70269D10B01A8001C = {
			isa = PBXFileReference;
			path = dft_structure_control.F;
			refType = 4;
		};
		F550D6A80269D10B01A8001C = {
			isa = PBXFileReference;
			path = dft_types.F;
			refType = 4;
		};
		F550D6A90269D10B01A8001C = {
			isa = PBXFileReference;
			path = dg_rho0s.F;
			refType = 4;
		};
		F550D6AA0269D10B01A8001C = {
			isa = PBXFileReference;
			path = dg_types.F;
			refType = 4;
		};
		F550D6AB0269D10B01A8001C = {
			isa = PBXFileReference;
			path = dgs.F;
			refType = 4;
		};
		F550D6AD0269D10B01A8001C = {
			isa = PBXFileReference;
			path = dump.F;
			refType = 4;
		};
		F550D6AE0269D10B01A8001C = {
			isa = PBXFileReference;
			path = eigenvalueproblems.F;
			refType = 4;
		};
		F550D6AF0269D10B01A8001C = {
			isa = PBXFileReference;
			path = empirical_parameters.F;
			refType = 4;
		};
		F550D6B00269D10B01A8001C = {
			isa = PBXFileReference;
			path = energy_input.F;
			refType = 4;
		};
		F550D6B10269D10B01A8001C = {
			isa = PBXFileReference;
			path = energy_optimize.F;
			refType = 4;
		};
		F550D6B20269D10B01A8001C = {
			isa = PBXFileReference;
			path = energy_output.F;
			refType = 4;
		};
		F550D6B30269D10B01A8001C = {
			isa = PBXFileReference;
			path = environment.F;
			refType = 4;
		};
		F550D6B40269D10B01A8001C = {
			isa = PBXFileReference;
			path = erf_fn.F;
			refType = 4;
		};
		F550D6B50269D10B01A8001C = {
			isa = PBXFileReference;
			path = ewald_parameters_types.F;
			refType = 4;
		};
		F550D6B60269D10B01A8001C = {
			isa = PBXFileReference;
			path = ewalds.F;
			refType = 4;
		};
		F550D6B70269D10B01A8001C = {
			isa = PBXFileReference;
			path = exchange_gga_functional.F;
			refType = 4;
		};
		F550D6B80269D10B01A8001C = {
			isa = PBXFileReference;
			path = extended_system_types.F;
			refType = 4;
		};
		F550D6B90269D10B01A8001C = {
			isa = PBXFileReference;
			path = external_potential_types.F;
			refType = 4;
		};
		F550D6BC0269D10B01A8001C = {
			isa = PBXFileReference;
			path = fermi.F;
			refType = 4;
		};
		F550D6BD0269D10B01A8001C = {
			isa = PBXFileReference;
			path = fft_tools.F;
			refType = 4;
		};
		F550D6BE0269D10B01A8001C = {
			isa = PBXFileReference;
			path = fftessl_lib.F;
			refType = 4;
		};
		F550D6BF0269D10B01A8001C = {
			isa = PBXFileReference;
			path = fftsg_lib.F;
			refType = 4;
		};
		F550D6C00269D10B01A8001C = {
			isa = PBXFileReference;
			path = fftsgi_lib.F;
			refType = 4;
		};
		F550D6C10269D10B01A8001C = {
			isa = PBXFileReference;
			path = fftw_lib.F;
			refType = 4;
		};
		F550D6C20269D10B01A8001C = {
			isa = PBXFileReference;
			path = fist_debug.F;
			refType = 4;
		};
		F550D6C30269D10B01A8001C = {
			isa = PBXFileReference;
			path = fist_force_numer.F;
			refType = 4;
		};
		F550D6C40269D10B01A8001C = {
			isa = PBXFileReference;
			path = fist_force.F;
			refType = 4;
		};
		F550D6C50269D10B01A8001C = {
			isa = PBXFileReference;
			path = fist_intra_force.F;
			refType = 4;
		};
		F550D6C60269D10B01A8001C = {
			isa = PBXFileReference;
			path = fist_nonbond_force.F;
			refType = 4;
		};
		F550D6C70269D10B01A8001C = {
			isa = PBXFileReference;
			path = fit_force_control.F;
			refType = 4;
		};
		F550D6C80269D10B01A8001C = {
			isa = PBXFileReference;
			path = fit_input.F;
			refType = 4;
		};
		F550D6C90269D10B01A8001C = {
			isa = PBXFileReference;
			path = fit_module.F;
			refType = 4;
		};
		F550D6CA0269D10B01A8001C = {
			isa = PBXFileReference;
			path = fit_parameters_types.F;
			refType = 4;
		};
		F550D6CB0269D10B01A8001C = {
			isa = PBXFileReference;
			path = fit_types.F;
			refType = 4;
		};
		F550D6CC0269D10B01A8001C = {
			isa = PBXFileReference;
			path = fit_utilities.F;
			refType = 4;
		};
		F550D6CD0269D10B01A8001C = {
			isa = PBXFileReference;
			path = force_control.F;
			refType = 4;
		};
		F550D6CE0269D10B01A8001C = {
			isa = PBXFileReference;
			path = force_fields.F;
			refType = 4;
		};
		F550D6CF0269D10B01A8001C = {
			isa = PBXFileReference;
			path = force_fit.F;
			refType = 4;
		};
		F550D6D00269D10B01A8001C = {
			isa = PBXFileReference;
			path = function_amoeba.F;
			refType = 4;
		};
		F550D6D10269D10B01A8001C = {
			isa = PBXFileReference;
			path = functionals_tests.F;
			refType = 4;
		};
		F550D6D20269D10B01A8001C = {
			isa = PBXFileReference;
			path = functionals_utilities.F;
			refType = 4;
		};
		F550D6D30269D10B01A8001C = {
			isa = PBXFileReference;
			path = functionals.F;
			refType = 4;
		};
		F550D6D40269D10B01A8001C = {
			isa = PBXFileReference;
			path = gamma.F;
			refType = 4;
		};
		F550D6D50269D10B01A8001C = {
			isa = PBXFileReference;
			path = gaussian_gridlevels.F;
			refType = 4;
		};
		F550D6D60269D10B01A8001C = {
			isa = PBXFileReference;
			path = global_types.F;
			refType = 4;
		};
		F550D6D70269D10B01A8001C = {
			isa = PBXFileReference;
			path = greens_fn.F;
			refType = 4;
		};
		F550D6D80269D10B01A8001C = {
			isa = PBXFileReference;
			path = hartree.F;
			refType = 4;
		};
		F550D6D90269D10B01A8001C = {
			isa = PBXFileReference;
			path = header.F;
			refType = 4;
		};
		F550D6DA0269D10B01A8001C = {
			isa = PBXFileReference;
			path = initialize_extended_types.F;
			refType = 4;
		};
		F550D6DB0269D10B01A8001C = {
			isa = PBXFileReference;
			path = initialize_molecule_types.F;
			refType = 4;
		};
		F550D6DC0269D10B01A8001C = {
			isa = PBXFileReference;
			path = initialize_particle_types.F;
			refType = 4;
		};
		F550D6DD0269D10B01A8001C = {
			isa = PBXFileReference;
			path = initialize_pimd_types.F;
			refType = 4;
		};
		F550D6DE0269D10B01A8001C = {
			isa = PBXFileReference;
			path = input_types.F;
			refType = 4;
		};
		F550D6E10269D10B01A8001C = {
			isa = PBXFileReference;
			path = integrator.F;
			refType = 4;
		};
		F550D6E30269D10B01A8001C = {
			isa = PBXFileReference;
			path = k290.F;
			refType = 4;
		};
		F550D6E40269D10B01A8001C = {
			isa = PBXFileReference;
			path = ke_gga_functional.F;
			refType = 4;
		};
		F550D6E50269D10B01A8001C = {
			isa = PBXFileReference;
			path = kinds.F;
			refType = 4;
		};
		F550D6E60269D10B01A8001C = {
			isa = PBXFileReference;
			path = kinetic.F;
			refType = 4;
		};
		F550D6E70269D10B01A8001C = {
			isa = PBXFileReference;
			path = kpoint_initialization.F;
			refType = 4;
		};
		F550D6E80269D10B01A8001C = {
			isa = PBXFileReference;
			path = kpoints.F;
			refType = 4;
		};
		F550D6E90269D10B01A8001C = {
			isa = PBXFileReference;
			path = l_utils.F;
			refType = 4;
		};
		F550D6EA0269D10B01A8001C = {
			isa = PBXFileReference;
			path = lapack.F;
			refType = 4;
		};
		F550D6EB0269D10B01A8001C = {
			isa = PBXFileReference;
			path = lebedev.F;
			refType = 4;
		};
		F550D6EC0269D10B01A8001C = {
			children = (
				F550D6ED0269D10B01A8001C,
				F550D6EE0269D10B01A8001C,
				F550D6EF0269D10B01A8001C,
				F550D6F00269D10B01A8001C,
				F550D6F10269D10B01A8001C,
				F550D6F20269D10B01A8001C,
				F550D6F30269D10B01A8001C,
				F550D7B1026A411A01A8001C,
			);
			isa = PBXGroup;
			path = lib;
			refType = 4;
		};
		F550D6ED0269D10B01A8001C = {
			isa = PBXFileReference;
			path = ctrig.F;
			refType = 4;
		};
		F550D6EE0269D10B01A8001C = {
			isa = PBXFileReference;
			path = fast.F;
			refType = 4;
		};
		F550D6EF0269D10B01A8001C = {
			isa = PBXFileReference;
			path = fftpre.F;
			refType = 4;
		};
		F550D6F00269D10B01A8001C = {
			isa = PBXFileReference;
			path = fftrot.F;
			refType = 4;
		};
		F550D6F10269D10B01A8001C = {
			isa = PBXFileReference;
			path = fftstp.F;
			refType = 4;
		};
		F550D6F20269D10B01A8001C = {
			isa = PBXFileReference;
			path = Makefile;
			refType = 4;
		};
		F550D6F30269D10B01A8001C = {
			isa = PBXFileReference;
			path = mltfftsg.F;
			refType = 4;
		};
		F550D6F40269D10B01A8001C = {
			isa = PBXFileReference;
			path = library_tests.F;
			refType = 4;
		};
		F550D6F50269D10B01A8001C = {
			isa = PBXFileReference;
			path = linear_systems.F;
			refType = 4;
		};
		F550D6F60269D10B01A8001C = {
			isa = PBXFileReference;
			path = linklist_cell_list.F;
			refType = 4;
		};
		F550D6F70269D10B01A8001C = {
			isa = PBXFileReference;
			path = linklist_cell_types.F;
			refType = 4;
		};
		F550D6F80269D10B01A8001C = {
			isa = PBXFileReference;
			path = linklist_control.F;
			refType = 4;
		};
		F550D6F90269D10B01A8001C = {
			isa = PBXFileReference;
			path = linklist_overlap_list.F;
			refType = 4;
		};
		F550D6FA0269D10B01A8001C = {
			isa = PBXFileReference;
			path = linklist_types.F;
			refType = 4;
		};
		F550D6FB0269D10B01A8001C = {
			isa = PBXFileReference;
			path = linklist_utilities.F;
			refType = 4;
		};
		F550D6FC0269D10B01A8001C = {
			isa = PBXFileReference;
			path = linklist_verlet_list.F;
			refType = 4;
		};
		F550D6FD0269D10B01A8001C = {
			isa = PBXFileReference;
			path = linklists.F;
			refType = 4;
		};
		F550D6FE0269D10B01A8001C = {
			isa = PBXFileReference;
			path = lyp_functional.F;
			refType = 4;
		};
		F550D6FF0269D10B01A8001C = {
			isa = PBXFileReference;
			path = machine_absoft.F;
			refType = 4;
		};
		F550D7000269D10B01A8001C = {
			isa = PBXFileReference;
			path = machine_aix.F;
			refType = 4;
		};
		F550D7010269D10B01A8001C = {
			isa = PBXFileReference;
			path = machine_dec.F;
			refType = 4;
		};
		F550D7020269D10B01A8001C = {
			isa = PBXFileReference;
			path = machine_g95.F;
			refType = 4;
		};
		F550D7030269D10B01A8001C = {
			isa = PBXFileReference;
			path = machine_intel.F;
			refType = 4;
		};
		F550D7040269D10B01A8001C = {
			isa = PBXFileReference;
			path = machine_irix.F;
			refType = 4;
		};
		F550D7050269D10B01A8001C = {
			isa = PBXFileReference;
			path = machine_pgi.F;
			refType = 4;
		};
		F550D7060269D10B01A8001C = {
			isa = PBXFileReference;
			path = machine_t3e.F;
			refType = 4;
		};
		F550D7070269D10B01A8001C = {
			isa = PBXFileReference;
			path = machine.F;
			refType = 4;
		};
		F550D7080269D10B01A8001C = {
			isa = PBXFileReference;
			path = mathconstants.F;
			refType = 4;
		};
		F550D7090269D10B01A8001C = {
			isa = PBXFileReference;
			path = mathlib.F;
			refType = 4;
		};
		F550D70B0269D10B01A8001C = {
			isa = PBXFileReference;
			path = md.F;
			refType = 4;
		};
		F550D70C0269D10B01A8001C = {
			isa = PBXFileReference;
			path = memory_utilities.F;
			refType = 4;
		};
		F550D70D0269D10B01A8001C = {
			isa = PBXFileReference;
			path = message_passing.F;
			refType = 4;
		};
		F550D70E0269D10B01A8001C = {
			isa = PBXFileReference;
			path = method_specifications.F;
			refType = 4;
		};
		F550D7100269D10B01A8001C = {
			isa = PBXFileReference;
			path = mol_force.F;
			refType = 4;
		};
		F550D7110269D10B01A8001C = {
			isa = PBXFileReference;
			path = molecule_input.F;
			refType = 4;
		};
		F550D7120269D10B01A8001C = {
			isa = PBXFileReference;
			path = molecule_types.F;
			refType = 4;
		};
		F550D7140269D10B01A8001C = {
			isa = PBXFileReference;
			path = nhc.F;
			refType = 4;
		};
		F550D7170269D10B01A8001C = {
			isa = PBXFileReference;
			path = nose.F;
			refType = 4;
		};
		F550D7180269D10B01A8001C = {
			isa = PBXFileReference;
			path = nrutil.F;
			refType = 4;
		};
		F550D7190269D10B01A8001C = {
			isa = PBXFileReference;
			path = OBJECTDEFS;
			refType = 4;
		};
		F550D71A0269D10B01A8001C = {
			isa = PBXFileReference;
			path = occupations.F;
			refType = 4;
		};
		F550D71C0269D10B01A8001C = {
			isa = PBXFileReference;
			path = orbital_pointers.F;
			refType = 4;
		};
		F550D71D0269D10B01A8001C = {
			isa = PBXFileReference;
			path = orbital_symbols.F;
			refType = 4;
		};
		F550D71E0269D10B01A8001C = {
			isa = PBXFileReference;
			path = orbital_transformation_matrices.F;
			refType = 4;
		};
		F550D71F0269D10B01A8001C = {
			isa = PBXFileReference;
			path = output_utilities.F;
			refType = 4;
		};
		F550D7200269D10B01A8001C = {
			isa = PBXFileReference;
			path = pade_functional.F;
			refType = 4;
		};
		F550D7210269D10B01A8001C = {
			isa = PBXFileReference;
			path = pair_potential.F;
			refType = 4;
		};
		F550D7220269D10B01A8001C = {
			isa = PBXFileReference;
			path = parallel_include.F;
			refType = 4;
		};
		F550D7230269D10B01A8001C = {
			isa = PBXFileReference;
			path = parallel.F;
			refType = 4;
		};
		F550D7240269D10B01A8001C = {
			isa = PBXFileReference;
			path = parser.F;
			refType = 4;
		};
		F550D7250269D10B01A8001C = {
			isa = PBXFileReference;
			path = particle_lists.F;
			refType = 4;
		};
		F550D7260269D10B01A8001C = {
			isa = PBXFileReference;
			path = particle_types.F;
			refType = 4;
		};
		F550D7270269D10B01A8001C = {
			isa = PBXFileReference;
			path = perdew_wang_functional.F;
			refType = 4;
		};
		F550D7280269D10B01A8001C = {
			isa = PBXFileReference;
			path = perdew_zunger_functional.F;
			refType = 4;
		};
		F550D7290269D10B01A8001C = {
			isa = PBXFileReference;
			path = perdew86_functional.F;
			refType = 4;
		};
		F550D72A0269D10B01A8001C = {
			isa = PBXFileReference;
			path = periodic_table.F;
			refType = 4;
		};
		F550D72B0269D10B01A8001C = {
			isa = PBXFileReference;
			path = physcon.F;
			refType = 4;
		};
		F550D72C0269D10B01A8001C = {
			isa = PBXFileReference;
			path = pme.F;
			refType = 4;
		};
		F550D72D0269D10B01A8001C = {
			isa = PBXFileReference;
			path = pol_coefs.F;
			refType = 4;
		};
		F550D72E0269D10B01A8001C = {
			isa = PBXFileReference;
			path = pol_debug_ao.F;
			refType = 4;
		};
		F550D72F0269D10B01A8001C = {
			isa = PBXFileReference;
			path = pol_debug_pw.F;
			refType = 4;
		};
		F550D7300269D10B01A8001C = {
			isa = PBXFileReference;
			path = pol_debug.F;
			refType = 4;
		};
		F550D7310269D10B01A8001C = {
			isa = PBXFileReference;
			path = pol_diis.F;
			refType = 4;
		};
		F550D7320269D10B01A8001C = {
			isa = PBXFileReference;
			path = pol_electrostatics_ao.F;
			refType = 4;
		};
		F550D7330269D10B01A8001C = {
			isa = PBXFileReference;
			path = pol_electrostatics_pw.F;
			refType = 4;
		};
		F550D7340269D10B01A8001C = {
			isa = PBXFileReference;
			path = pol_electrostatics.F;
			refType = 4;
		};
		F550D7350269D10B01A8001C = {
			isa = PBXFileReference;
			path = pol_force_ao.F;
			refType = 4;
		};
		F550D7360269D10B01A8001C = {
			isa = PBXFileReference;
			path = pol_force_numer_ao.F;
			refType = 4;
		};
		F550D7370269D10B01A8001C = {
			isa = PBXFileReference;
			path = pol_force_numer_pw.F;
			refType = 4;
		};
		F550D7380269D10B01A8001C = {
			isa = PBXFileReference;
			path = pol_force_numer.F;
			refType = 4;
		};
		F550D7390269D10B01A8001C = {
			isa = PBXFileReference;
			path = pol_force_pw.F;
			refType = 4;
		};
		F550D73A0269D10B01A8001C = {
			isa = PBXFileReference;
			path = pol_force.F;
			refType = 4;
		};
		F550D73B0269D10B01A8001C = {
			isa = PBXFileReference;
			path = pol_grids.F;
			refType = 4;
		};
		F550D73C0269D10B01A8001C = {
			isa = PBXFileReference;
			path = pol_overlap_ao.F;
			refType = 4;
		};
		F550D73D0269D10B01A8001C = {
			isa = PBXFileReference;
			path = pol_overlap_pw.F;
			refType = 4;
		};
		F550D73E0269D10B01A8001C = {
			isa = PBXFileReference;
			path = pol_overlap.F;
			refType = 4;
		};
		F550D73F0269D10B01A8001C = {
			isa = PBXFileReference;
			path = pol_projectors_pw.F;
			refType = 4;
		};
		F550D7400269D10B01A8001C = {
			isa = PBXFileReference;
			path = pol_setup.F;
			refType = 4;
		};
		F550D7410269D10B01A8001C = {
			isa = PBXFileReference;
			path = pol_thk_ao.F;
			refType = 4;
		};
		F550D7420269D10B01A8001C = {
			isa = PBXFileReference;
			path = pol_thk_pw.F;
			refType = 4;
		};
		F550D7430269D10B01A8001C = {
			isa = PBXFileReference;
			path = pol_thk.F;
			refType = 4;
		};
		F550D7440269D10B01A8001C = {
			isa = PBXFileReference;
			path = potential_externals.F;
			refType = 4;
		};
		F550D7450269D10B01A8001C = {
			isa = PBXFileReference;
			path = potential_types.F;
			refType = 4;
		};
		F550D7460269D10B01A8001C = {
			isa = PBXFileReference;
			path = potentials.F;
			refType = 4;
		};
		F550D7480269D10B01A8001C = {
			isa = PBXFileReference;
			path = pw_grid_types.F;
			refType = 4;
		};
		F550D7490269D10B01A8001C = {
			isa = PBXFileReference;
			path = pw_grids.F;
			refType = 4;
		};
		F550D74A0269D10B01A8001C = {
			isa = PBXFileReference;
			path = pw_types.F;
			refType = 4;
		};
		F550D74B0269D10B01A8001C = {
			isa = PBXFileReference;
			path = pw_xc.F;
			refType = 4;
		};
		F550D74C0269D10B01A8001C = {
			isa = PBXFileReference;
			path = pws.F;
			refType = 4;
		};
		F550D74D0269D10B01A8001C = {
			isa = PBXFileReference;
			path = qs_main.F;
			refType = 4;
		};
		F550D74E0269D10B01A8001C = {
			isa = PBXFileReference;
			path = qs_scf.F;
			refType = 4;
		};
		F550D74F0269D10B01A8001C = {
			isa = PBXFileReference;
			path = radial_grids.F;
			refType = 4;
		};
		F550D7500269D10B01A8001C = {
			isa = PBXFileReference;
			path = radial_operators.F;
			refType = 4;
		};
		F550D7510269D10B01A8001C = {
			isa = PBXFileReference;
			path = radial_poisson.F;
			refType = 4;
		};
		F550D7520269D10B01A8001C = {
			isa = PBXFileReference;
			path = radial_solver.F;
			refType = 4;
		};
		F550D7530269D10B01A8001C = {
			isa = PBXFileReference;
			path = radial_util.F;
			refType = 4;
		};
		F550D7540269D10B01A8001C = {
			isa = PBXFileReference;
			path = read_pimd.F;
			refType = 4;
		};
		F550D7560269D10B01A8001C = {
			isa = PBXFileReference;
			path = realspace_grid_types.F;
			refType = 4;
		};
		F550D7570269D10B01A8001C = {
			isa = PBXFileReference;
			path = simulation_cell.F;
			refType = 4;
		};
		F550D7580269D10B01A8001C = {
			isa = PBXFileReference;
			path = slater_koster_matr.F;
			refType = 4;
		};
		F550D7590269D10B01A8001C = {
			isa = PBXFileReference;
			path = slater_koster_test.F;
			refType = 4;
		};
		F550D75A0269D10B01A8001C = {
			isa = PBXFileReference;
			path = slater_koster_util.F;
			refType = 4;
		};
		F550D75B0269D10B01A8001C = {
			isa = PBXFileReference;
			path = slater_koster.F;
			refType = 4;
		};
		F550D75C0269D10B01A8001C = {
			isa = PBXFileReference;
			path = spherical_harmonics.F;
			refType = 4;
		};
		F550D75D0269D10B01A8001C = {
			isa = PBXFileReference;
			path = splines.F;
			refType = 4;
		};
		F550D75E0269D10B01A8001C = {
			isa = PBXFileReference;
			path = spme.F;
			refType = 4;
		};
		F550D7600269D10B01A8001C = {
			isa = PBXFileReference;
			path = string_utilities.F;
			refType = 4;
		};
		F550D7610269D10B01A8001C = {
			isa = PBXFileReference;
			path = structure_factor_types.F;
			refType = 4;
		};
		F550D7620269D10B01A8001C = {
			isa = PBXFileReference;
			path = structure_factors.F;
			refType = 4;
		};
		F550D7630269D10B01A8001C = {
			isa = PBXFileReference;
			path = structure_types.F;
			refType = 4;
		};
		F550D7640269D10B01A8001C = {
			isa = PBXFileReference;
			path = tbmd_debug.F;
			refType = 4;
		};
		F550D7650269D10B01A8001C = {
			isa = PBXFileReference;
			path = tbmd_force.F;
			refType = 4;
		};
		F550D7660269D10B01A8001C = {
			isa = PBXFileReference;
			path = tbmd_initialize.F;
			refType = 4;
		};
		F550D7670269D10B01A8001C = {
			isa = PBXFileReference;
			path = tbmd_input.F;
			refType = 4;
		};
		F550D7680269D10B01A8001C = {
			isa = PBXFileReference;
			path = tbmd_types.F;
			refType = 4;
		};
		F550D7690269D10B01A8001C = {
			isa = PBXFileReference;
			path = tbmd.F;
			refType = 4;
		};
		F550D76A0269D10B01A8001C = {
			isa = PBXFileReference;
			path = termination.F;
			refType = 4;
		};
		F550D76B0269D10B01A8001C = {
			isa = PBXFileReference;
			path = tfw_functional.F;
			refType = 4;
		};
		F550D76C0269D10B01A8001C = {
			isa = PBXFileReference;
			path = thomas_fermi_functional.F;
			refType = 4;
		};
		F550D76D0269D10B01A8001C = {
			isa = PBXFileReference;
			path = timesl.F;
			refType = 4;
		};
		F550D76E0269D10B01A8001C = {
			isa = PBXFileReference;
			path = timings.F;
			refType = 4;
		};
		F550D76F0269D10B01A8001C = {
			isa = PBXFileReference;
			path = topology.F;
			refType = 4;
		};
		F550D7700269D10B01A8001C = {
			isa = PBXFileReference;
			path = transformations.F;
			refType = 4;
		};
		F550D7710269D10B01A8001C = {
			isa = PBXFileReference;
			path = unit.F;
			refType = 4;
		};
		F550D7720269D10B01A8001C = {
			isa = PBXFileReference;
			path = util.F;
			refType = 4;
		};
		F550D7730269D10B01A8001C = {
			isa = PBXFileReference;
			path = vwn_functional.F;
			refType = 4;
		};
		F550D7740269D10B01A8001C = {
			isa = PBXFileReference;
			path = wave.F;
			refType = 4;
		};
		F550D7750269D10B01A8001C = {
			isa = PBXFileReference;
			path = wf_types.F;
			refType = 4;
		};
		F550D7760269D10B01A8001C = {
			isa = PBXFileReference;
			path = wfs.F;
			refType = 4;
		};
		F550D7770269D10B01A8001C = {
			isa = PBXFileReference;
			path = xalpha_functional.F;
			refType = 4;
		};
		F550D7780269D10B01A8001C = {
			isa = PBXFileReference;
			path = xc.F;
			refType = 4;
		};
		F550D7790269D20501A8001C = {
			children = (
				F555ED1602753D2801C8702E,
				F555ED1702753D2801C8702E,
				F555ED1802753D2801C8702E,
				F555ED1902753D2801C8702E,
				F555ED1A02753D2801C8702E,
				F555ED1B02753D2801C8702E,
				F555ED1C02753D2801C8702E,
				F555ED1D02753D2801C8702E,
				F555ED1E02753D2801C8702E,
				F555ED1F02753D2801C8702E,
				F555ED2002753D2801C8702E,
				F555ED2102753D2801C8702E,
				F555ED2202753D2801C8702E,
				F555ED2302753D2801C8702E,
			);
			isa = PBXGroup;
			name = pao;
			refType = 4;
		};
		F550D77A0269D20501A8001C = {
			children = (
				F550D6850269D10B01A8001C,
				F550D6860269D10B01A8001C,
				F550D6870269D10B01A8001C,
				F550D6880269D10B01A8001C,
				F550D69B0269D10B01A8001C,
				F550D69C0269D10B01A8001C,
				F550D69D0269D10B01A8001C,
				F550D69E0269D10B01A8001C,
			);
			isa = PBXGroup;
			name = linkedList;
			refType = 4;
		};
		F550D77B0269DE1F01A8001C = {
			children = (
				F550D77C0269DE1F01A8001C,
			);
			isa = PBXGroup;
			name = makefiles;
			path = "";
			refType = 4;
		};
		F550D77C0269DE1F01A8001C = {
			isa = PBXFileReference;
			path = Makefile;
			refType = 4;
		};
		F550D77D0269DE9801A8001C = {
			children = (
				F550D77E0269DEBD01A8001C,
				F550D77F0269DEBD01A8001C,
				F550D7800269DEBD01A8001C,
				F550D7810269DEBD01A8001C,
				F550D7820269DEBD01A8001C,
				F550D7830269DEBD01A8001C,
				F550D7850269DEBD01A8001C,
				F550D7860269DEBD01A8001C,
				F550D7870269DEBD01A8001C,
				F550D7880269DEBD01A8001C,
				F550D7890269DEBD01A8001C,
				F555ED1502753D2801C8702E,
			);
			isa = PBXGroup;
			name = tools;
			path = ../tools;
			refType = 4;
		};
		F550D77E0269DEBD01A8001C = {
			isa = PBXExecutableFileReference;
			path = addSynopsis.py;
			refType = 4;
		};
		F550D77F0269DEBD01A8001C = {
			isa = PBXFileReference;
			path = forlex.c;
			refType = 4;
		};
		F550D7800269DEBD01A8001C = {
			isa = PBXFileReference;
			path = forpar.h;
			refType = 4;
		};
		F550D7810269DEBD01A8001C = {
			isa = PBXFileReference;
			path = forpar.tab.c;
			refType = 4;
		};
		F550D7820269DEBD01A8001C = {
			isa = PBXFileReference;
			path = forpar.tab.h;
			refType = 4;
		};
		F550D7830269DEBD01A8001C = {
			isa = PBXExecutableFileReference;
			path = get_arch_code;
			refType = 4;
		};
		F550D7850269DEBD01A8001C = {
			isa = PBXFileReference;
			path = Makefile;
			refType = 4;
		};
		F550D7860269DEBD01A8001C = {
			isa = PBXFileReference;
			path = prepare_ci.py;
			refType = 4;
		};
		F550D7870269DEBD01A8001C = {
			isa = PBXExecutableFileReference;
			path = sfmakedepend;
			refType = 4;
		};
		F550D7880269DEBD01A8001C = {
			isa = PBXFileReference;
			path = slist.c;
			refType = 4;
		};
		F550D7890269DEBD01A8001C = {
			isa = PBXFileReference;
			path = slist.h;
			refType = 4;
		};
		F550D78A0269E1FC01A8001C = {
			buildArgumentsString = "-c \"/usr/bin/gnumake $ACTION\"";
			buildPhases = (
			);
			buildSettings = {
				OTHER_CFLAGS = "";
				OTHER_LDFLAGS = "";
				OTHER_REZFLAGS = "";
				PRODUCT_NAME = forpar;
				SECTORDER_FLAGS = "";
				WARNING_CFLAGS = "-Wmost -Wno-four-char-constants -Wno-unknown-pragmas";
			};
			buildToolPath = /bin/tcsh;
			buildWorkingDirectory = $SRCROOT/../tools/;
			dependencies = (
			);
			isa = PBXLegacyTarget;
			name = forpar;
			productName = forpar;
			settingsToExpand = 6;
			settingsToPassInEnvironment = 287;
			settingsToPassOnCommandLine = 280;
			shouldUseHeadermap = 0;
		};
		F550D78B0269E2B101A8001C = {
			children = (
				F550D78C0269E2B101A8001C,
				F550D78D0269E2B101A8001C,
				F550D78E0269E2B101A8001C,
				F550D78F0269E2B101A8001C,
				F550D7900269E2B101A8001C,
				F550D7910269E2B101A8001C,
				F550D7920269E2B101A8001C,
				F550D7930269E2B101A8001C,
				F550D7940269E2B101A8001C,
				F550D7950269E2B101A8001C,
				F550D7960269E2B101A8001C,
				F550D7970269E2B101A8001C,
				F550D7980269E2B101A8001C,
				F550D7990269E2B101A8001C,
				F550D79A0269E2B101A8001C,
				F550D79B0269E2B101A8001C,
				F550D79C0269E2B101A8001C,
				F550D79D0269E2B101A8001C,
				F550D79E0269E2B101A8001C,
				F550D79F0269E2B101A8001C,
				F550D7A00269E2B101A8001C,
				F550D7A10269E2B101A8001C,
				F550D7A20269E2B101A8001C,
				F550D7A30269E2B101A8001C,
				F550D7A40269E2B101A8001C,
				F550D7A50269E2B101A8001C,
				F550D7A60269E2B101A8001C,
				F550D7A70269E2B101A8001C,
				F550D7A80269E2B101A8001C,
				F550D7A90269E2B101A8001C,
				F550D7AA0269E2B101A8001C,
				F550D7AB0269E2B101A8001C,
				F550D7AC0269E2B101A8001C,
			);
			isa = PBXGroup;
			name = arch;
			path = ../arch;
			refType = 4;
		};
		F550D78C0269E2B101A8001C = {
			isa = PBXFileReference;
			path = "AIX-POWER2.pdbg";
			refType = 4;
		};
		F550D78D0269E2B101A8001C = {
			isa = PBXFileReference;
			path = "AIX-POWER2.popt";
			refType = 4;
		};
		F550D78E0269E2B101A8001C = {
			isa = PBXFileReference;
			path = "AIX-POWER2.sdbg";
			refType = 4;
		};
		F550D78F0269E2B101A8001C = {
			isa = PBXFileReference;
			path = "AIX-POWER2.sopt";
			refType = 4;
		};
		F550D7900269E2B101A8001C = {
			isa = PBXFileReference;
			path = "AIX-PowerPC_POWER3.sdbg";
			refType = 4;
		};
		F550D7910269E2B101A8001C = {
			isa = PBXFileReference;
			path = "AIX-PowerPC_POWER3.sopt";
			refType = 4;
		};
		F550D7920269E2B101A8001C = {
			isa = PBXFileReference;
			path = "AIX-PowerPC_POWER4.sdbg";
			refType = 4;
		};
		F550D7930269E2B101A8001C = {
			isa = PBXFileReference;
			path = "AIX-PowerPC_POWER4.sopt";
			refType = 4;
		};
		F550D7940269E2B101A8001C = {
			isa = PBXFileReference;
			path = "CRAY-T3E.pdbg";
			refType = 4;
		};
		F550D7950269E2B101A8001C = {
			isa = PBXFileReference;
			path = "CRAY-T3E.popt";
			refType = 4;
		};
		F550D7960269E2B101A8001C = {
			isa = PBXFileReference;
			path = "CRAY-T3E.sdbg";
			refType = 4;
		};
		F550D7970269E2B101A8001C = {
			isa = PBXFileReference;
			path = "CRAY-T3E.sopt";
			refType = 4;
		};
		F550D7980269E2B101A8001C = {
			isa = PBXFileReference;
			path = "Darwin-PowerMacintosh-absoft.sdbg";
			refType = 4;
		};
		F550D7990269E2B101A8001C = {
			isa = PBXFileReference;
			path = "Darwin-PowerMacintosh-absoft.sopt";
			refType = 4;
		};
		F550D79A0269E2B101A8001C = {
			isa = PBXFileReference;
			path = DEC_OS.sdbg;
			refType = 4;
		};
		F550D79B0269E2B101A8001C = {
			isa = PBXFileReference;
			path = DEC_OS.sopt;
			refType = 4;
		};
		F550D79C0269E2B101A8001C = {
			isa = PBXFileReference;
			path = DEC.sdbg;
			refType = 4;
		};
		F550D79D0269E2B101A8001C = {
			isa = PBXFileReference;
			path = DEC.sopt;
			refType = 4;
		};
		F550D79E0269E2B101A8001C = {
			isa = PBXFileReference;
			path = IRIX.pdbg;
			refType = 4;
		};
		F550D79F0269E2B101A8001C = {
			isa = PBXFileReference;
			path = IRIX.popt;
			refType = 4;
		};
		F550D7A00269E2B101A8001C = {
			isa = PBXFileReference;
			path = IRIX.sdbg;
			refType = 4;
		};
		F550D7A10269E2B101A8001C = {
			isa = PBXFileReference;
			path = IRIX.sopt;
			refType = 4;
		};
		F550D7A20269E2B101A8001C = {
			isa = PBXFileReference;
			path = "Linux-i686-absoft.sdbg";
			refType = 4;
		};
		F550D7A30269E2B101A8001C = {
			isa = PBXFileReference;
			path = "Linux-i686-absoft.sopt";
			refType = 4;
		};
		F550D7A40269E2B101A8001C = {
			isa = PBXFileReference;
			path = "Linux-i686-g95.sopt";
			refType = 4;
		};
		F550D7A50269E2B101A8001C = {
			isa = PBXFileReference;
			path = "Linux-i686-intel.sdbg";
			refType = 4;
		};
		F550D7A60269E2B101A8001C = {
			isa = PBXFileReference;
			path = "Linux-i686-intel.sopt";
			refType = 4;
		};
		F550D7A70269E2B101A8001C = {
			isa = PBXFileReference;
			path = "Linux-i686-pgi.pdbg";
			refType = 4;
		};
		F550D7A80269E2B101A8001C = {
			isa = PBXFileReference;
			path = "Linux-i686-pgi.popt";
			refType = 4;
		};
		F550D7A90269E2B101A8001C = {
			isa = PBXFileReference;
			path = "Linux-i686-pgi.sdbg";
			refType = 4;
		};
		F550D7AA0269E2B101A8001C = {
			isa = PBXFileReference;
			path = "Linux-i686-pgi.sopt";
			refType = 4;
		};
		F550D7AB0269E2B101A8001C = {
			isa = PBXFileReference;
			path = "Linux-ppc-absoft.sdbg";
			refType = 4;
		};
		F550D7AC0269E2B101A8001C = {
			isa = PBXFileReference;
			path = "Linux-ppc-absoft.sopt";
			refType = 4;
		};
		F550D7AD026A0B0401A8001C = {
			buildArgumentsString = "-c \"/usr/bin/gnumake $ACTION\"";
			buildPhases = (
			);
			buildSettings = {
				OTHER_CFLAGS = "";
				OTHER_LDFLAGS = "";
				OTHER_REZFLAGS = "";
				PRODUCT_NAME = cp2k;
				SECTORDER_FLAGS = "";
				WARNING_CFLAGS = "-Wmost -Wno-four-char-constants -Wno-unknown-pragmas";
			};
			buildToolPath = /bin/tcsh;
			buildWorkingDirectory = "";
			dependencies = (
				F550D7AE026A0C2101A8001C,
			);
			isa = PBXLegacyTarget;
			name = cp2k;
			productName = cp2k;
			settingsToExpand = 6;
			settingsToPassInEnvironment = 287;
			settingsToPassOnCommandLine = 280;
			shouldUseHeadermap = 0;
		};
		F550D7AE026A0C2101A8001C = {
			isa = PBXTargetDependency;
			target = F550D78A0269E1FC01A8001C;
		};
		F550D7B1026A411A01A8001C = {
			isa = PBXFileReference;
			name = macCompResult.txt;
			path = /Volumes/Big/Users/fawzi/cp2k/macCompResult.txt;
			refType = 0;
		};
		F555ED1502753D2801C8702E = {
			isa = PBXExecutableFileReference;
			path = instantiateTemplates.py;
			refType = 4;
		};
		F555ED1602753D2801C8702E = {
			isa = PBXFileReference;
			path = pao_env_methods.F;
			refType = 4;
		};
		F555ED1702753D2801C8702E = {
			isa = PBXFileReference;
			path = pao_glob_angles_methods.F;
			refType = 4;
		};
		F555ED1802753D2801C8702E = {
			isa = PBXFileReference;
			path = pao_l_angles_methods.F;
			refType = 4;
		};
		F555ED1902753D2801C8702E = {
			isa = PBXFileReference;
			path = pao_matrix_methods.F;
			refType = 4;
		};
		F555ED1A02753D2801C8702E = {
			isa = PBXFileReference;
			path = pao_obj_function.F;
			refType = 4;
		};
		F555ED1B02753D2801C8702E = {
			isa = PBXFileReference;
			path = pao_plain_rot_tests.F;
			refType = 4;
		};
		F555ED1C02753D2801C8702E = {
			isa = PBXFileReference;
			path = pao_plain_rot.F;
			refType = 4;
		};
		F555ED1D02753D2801C8702E = {
			isa = PBXFileReference;
			path = pao_proj_methods.F;
			refType = 4;
		};
		F555ED1E02753D2801C8702E = {
			isa = PBXFileReference;
			path = pao_projection.F;
			refType = 4;
		};
		F555ED1F02753D2801C8702E = {
			isa = PBXFileReference;
			path = pao_read_section.F;
			refType = 4;
		};
		F555ED2002753D2801C8702E = {
			isa = PBXFileReference;
			path = pao_types_tests.F;
			refType = 4;
		};
		F555ED2102753D2801C8702E = {
			isa = PBXFileReference;
			path = pao_types.F;
			refType = 4;
		};
		F555ED2202753D2801C8702E = {
			isa = PBXFileReference;
			path = pao_unitary_t.F;
			refType = 4;
		};
		F555ED2302753D2801C8702E = {
			isa = PBXFileReference;
			path = pao_utils.F;
			refType = 4;
		};
		F555ED2402753D6501C8702E = {
			isa = PBXFileReference;
			path = atomic_kind_types.F;
			refType = 4;
		};
		F555ED2502753D6501C8702E = {
			isa = PBXFileReference;
			path = pol_initialize_coef_pw.F;
			refType = 4;
		};
		F555ED2602753D6501C8702E = {
			isa = PBXFileReference;
			path = qs_blacs.F;
			refType = 4;
		};
		F555ED2702753D6501C8702E = {
			isa = PBXFileReference;
			path = qs_collocate_density.F;
			refType = 4;
		};
		F555ED2802753D6501C8702E = {
			isa = PBXFileReference;
			path = qs_core_energies.F;
			refType = 4;
		};
		F555ED2902753D6501C8702E = {
			isa = PBXFileReference;
			path = qs_core_hamiltonian.F;
			refType = 4;
		};
		F555ED2A02753D6501C8702E = {
			isa = PBXFileReference;
			path = qs_diis.F;
			refType = 4;
		};
		F555ED2B02753D6501C8702E = {
			isa = PBXFileReference;
			path = qs_environment_types.F;
			refType = 4;
		};
		F555ED2C02753D6501C8702E = {
			isa = PBXFileReference;
			path = qs_init.F;
			refType = 4;
		};
		F555ED2D02753D6501C8702E = {
			isa = PBXFileReference;
			path = qs_integrate_potential.F;
			refType = 4;
		};
		F555ED2E02753D6501C8702E = {
			isa = PBXFileReference;
			path = qs_interactions.F;
			refType = 4;
		};
		F555ED2F02753D6501C8702E = {
			isa = PBXFileReference;
			path = qs_mo_types.F;
			refType = 4;
		};
		F555ED3002753D6501C8702E = {
			isa = PBXFileReference;
			path = qs_neighbor_list_types.F;
			refType = 4;
		};
		F555ED3102753D6501C8702E = {
			isa = PBXFileReference;
			path = qs_neighbor_lists.F;
			refType = 4;
		};
		F555ED3202753D6501C8702E = {
			isa = PBXFileReference;
			path = qs_overlap.F;
			refType = 4;
		};
		F555ED3302753D6501C8702E = {
			isa = PBXFileReference;
			path = qs_parser.F;
			refType = 4;
		};
		F555ED3402753D6501C8702E = {
			isa = PBXFileReference;
			path = sparse_matrix_types.F;
			refType = 4;
		};
	};
	rootObject = F550D64A0269A02501A8001C;
}
